
Microsoft Visual Studio Solution File, Format Version 12.00
# Visual Studio Version 16
VisualStudioVersion = 16.0.30114.105
MinimumVisualStudioVersion = 10.0.40219.1
Project("{9A19103F-16F7-4668-BE54-9A1E7A4F7556}") = "WebApiReferenceBook", "WebApiReferenceBook\WebApiReferenceBook.csproj", "{E5F79529-DBD7-4996-86D9-5104195EFEB8}"
EndProject
Project("{9A19103F-16F7-4668-BE54-9A1E7A4F7556}") = "WebApiReferenceBook.API.IntegrationTests", "NUnitTest\WebApiReferenceBook.API.IntegrationTests.csproj", "{3869A83B-ABE1-4AC9-BFBF-A2921702E8AE}"
EndProject
Project("{2150E333-8FDC-42A3-9474-1A3956D46DE8}") = "CustomDlls", "CustomDlls", "{E93572D9-6463-41C7-88FD-43B36DBF05D1}"
EndProject
Project("{9A19103F-16F7-4668-BE54-9A1E7A4F7556}") = "ActionResultsLib", "CustomDlls\ActionResultsLib\ActionResultsLib.csproj", "{0834D734-26C1-429E-9A15-C9DAE6976D49}"
EndProject
Project("{9A19103F-16F7-4668-BE54-9A1E7A4F7556}") = "ArrayLib", "CustomDlls\ArrayLib\ArrayLib.csproj", "{FE5C2ABE-2949-4D7A-8366-6D852C6FF124}"
EndProject
Project("{9A19103F-16F7-4668-BE54-9A1E7A4F7556}") = "AsyncLib", "CustomDlls\AsyncLib\AsyncLib.csproj", "{B6E997C2-A062-42F3-814D-2A9905F64066}"
EndProject
Project("{9A19103F-16F7-4668-BE54-9A1E7A4F7556}") = "AuthMiddleware", "CustomDlls\AuthMiddleware\AuthMiddleware.csproj", "{50F1A77F-11E3-4B3A-BBCE-CFBB4CBA46C6}"
EndProject
Project("{9A19103F-16F7-4668-BE54-9A1E7A4F7556}") = "CacheControlMiddleware", "CustomDlls\CacheControlMiddleware\CacheControlMiddleware.csproj", "{8D4155A1-FB7F-4233-BE76-535C5913E1F9}"
EndProject
Project("{9A19103F-16F7-4668-BE54-9A1E7A4F7556}") = "CorrelationLib", "CustomDlls\CorrelationLib\CorrelationLib.csproj", "{395F298A-10AE-4262-A206-BEFA4C7931C6}"
EndProject
Project("{9A19103F-16F7-4668-BE54-9A1E7A4F7556}") = "CorsLib", "CustomDlls\CorsLib\CorsLib.csproj", "{CBDE1196-F79B-4A1C-8D8D-23DCBA98FB1E}"
EndProject
Project("{9A19103F-16F7-4668-BE54-9A1E7A4F7556}") = "EntityFrameworkUtilsLib", "CustomDlls\EntityFrameworkUtilsLib\EntityFrameworkUtilsLib.csproj", "{A6C4605F-F6DB-41B6-8E42-B6D53CAB6CB3}"
EndProject
Project("{9A19103F-16F7-4668-BE54-9A1E7A4F7556}") = "GlobalErrorHandlingLib", "CustomDlls\GlobalErrorHandlingLib\GlobalErrorHandlingLib.csproj", "{A55281AB-684F-4F5C-B450-F40711A484EC}"
EndProject
Project("{9A19103F-16F7-4668-BE54-9A1E7A4F7556}") = "SettingsLib", "CustomDlls\GlobalSettingsLib\SettingsLib.csproj", "{57585E81-24DE-4231-998F-798C236188CB}"
EndProject
Project("{9A19103F-16F7-4668-BE54-9A1E7A4F7556}") = "HttpRequestsLib", "CustomDlls\HttpRequestsLib\HttpRequestsLib.csproj", "{8CB217B1-7F8B-4631-9DFC-A51596F111A2}"
EndProject
Project("{9A19103F-16F7-4668-BE54-9A1E7A4F7556}") = "LoggingMiddleware", "CustomDlls\LoggingMiddleware\LoggingMiddleware.csproj", "{913D6671-DADC-4CC3-8DEF-846C509AF4B9}"
EndProject
Project("{9A19103F-16F7-4668-BE54-9A1E7A4F7556}") = "SwaggerLib", "CustomDlls\SwaggerLib\SwaggerLib.csproj", "{AD13277B-E649-4957-B0CE-D058155DCB31}"
EndProject
Project("{9A19103F-16F7-4668-BE54-9A1E7A4F7556}") = "VersioningLib", "CustomDlls\VersioningLib\VersioningLib.csproj", "{510CDC1D-88B1-4DF0-8FAB-336DFDA38F85}"
EndProject
Global
	GlobalSection(SolutionConfigurationPlatforms) = preSolution
		Debug|Any CPU = Debug|Any CPU
		Release|Any CPU = Release|Any CPU
	EndGlobalSection
	GlobalSection(ProjectConfigurationPlatforms) = postSolution
		{E5F79529-DBD7-4996-86D9-5104195EFEB8}.Debug|Any CPU.ActiveCfg = Debug|Any CPU
		{E5F79529-DBD7-4996-86D9-5104195EFEB8}.Debug|Any CPU.Build.0 = Debug|Any CPU
		{E5F79529-DBD7-4996-86D9-5104195EFEB8}.Release|Any CPU.ActiveCfg = Release|Any CPU
		{E5F79529-DBD7-4996-86D9-5104195EFEB8}.Release|Any CPU.Build.0 = Release|Any CPU
		{3869A83B-ABE1-4AC9-BFBF-A2921702E8AE}.Debug|Any CPU.ActiveCfg = Debug|Any CPU
		{3869A83B-ABE1-4AC9-BFBF-A2921702E8AE}.Debug|Any CPU.Build.0 = Debug|Any CPU
		{3869A83B-ABE1-4AC9-BFBF-A2921702E8AE}.Release|Any CPU.ActiveCfg = Release|Any CPU
		{3869A83B-ABE1-4AC9-BFBF-A2921702E8AE}.Release|Any CPU.Build.0 = Release|Any CPU
		{0834D734-26C1-429E-9A15-C9DAE6976D49}.Debug|Any CPU.ActiveCfg = Debug|Any CPU
		{0834D734-26C1-429E-9A15-C9DAE6976D49}.Debug|Any CPU.Build.0 = Debug|Any CPU
		{0834D734-26C1-429E-9A15-C9DAE6976D49}.Release|Any CPU.ActiveCfg = Release|Any CPU
		{0834D734-26C1-429E-9A15-C9DAE6976D49}.Release|Any CPU.Build.0 = Release|Any CPU
		{FE5C2ABE-2949-4D7A-8366-6D852C6FF124}.Debug|Any CPU.ActiveCfg = Debug|Any CPU
		{FE5C2ABE-2949-4D7A-8366-6D852C6FF124}.Debug|Any CPU.Build.0 = Debug|Any CPU
		{FE5C2ABE-2949-4D7A-8366-6D852C6FF124}.Release|Any CPU.ActiveCfg = Release|Any CPU
		{FE5C2ABE-2949-4D7A-8366-6D852C6FF124}.Release|Any CPU.Build.0 = Release|Any CPU
		{B6E997C2-A062-42F3-814D-2A9905F64066}.Debug|Any CPU.ActiveCfg = Debug|Any CPU
		{B6E997C2-A062-42F3-814D-2A9905F64066}.Debug|Any CPU.Build.0 = Debug|Any CPU
		{B6E997C2-A062-42F3-814D-2A9905F64066}.Release|Any CPU.ActiveCfg = Release|Any CPU
		{B6E997C2-A062-42F3-814D-2A9905F64066}.Release|Any CPU.Build.0 = Release|Any CPU
		{50F1A77F-11E3-4B3A-BBCE-CFBB4CBA46C6}.Debug|Any CPU.ActiveCfg = Debug|Any CPU
		{50F1A77F-11E3-4B3A-BBCE-CFBB4CBA46C6}.Debug|Any CPU.Build.0 = Debug|Any CPU
		{50F1A77F-11E3-4B3A-BBCE-CFBB4CBA46C6}.Release|Any CPU.ActiveCfg = Release|Any CPU
		{50F1A77F-11E3-4B3A-BBCE-CFBB4CBA46C6}.Release|Any CPU.Build.0 = Release|Any CPU
		{8D4155A1-FB7F-4233-BE76-535C5913E1F9}.Debug|Any CPU.ActiveCfg = Debug|Any CPU
		{8D4155A1-FB7F-4233-BE76-535C5913E1F9}.Debug|Any CPU.Build.0 = Debug|Any CPU
		{8D4155A1-FB7F-4233-BE76-535C5913E1F9}.Release|Any CPU.ActiveCfg = Release|Any CPU
		{8D4155A1-FB7F-4233-BE76-535C5913E1F9}.Release|Any CPU.Build.0 = Release|Any CPU
		{395F298A-10AE-4262-A206-BEFA4C7931C6}.Debug|Any CPU.ActiveCfg = Debug|Any CPU
		{395F298A-10AE-4262-A206-BEFA4C7931C6}.Debug|Any CPU.Build.0 = Debug|Any CPU
		{395F298A-10AE-4262-A206-BEFA4C7931C6}.Release|Any CPU.ActiveCfg = Release|Any CPU
		{395F298A-10AE-4262-A206-BEFA4C7931C6}.Release|Any CPU.Build.0 = Release|Any CPU
		{CBDE1196-F79B-4A1C-8D8D-23DCBA98FB1E}.Debug|Any CPU.ActiveCfg = Debug|Any CPU
		{CBDE1196-F79B-4A1C-8D8D-23DCBA98FB1E}.Debug|Any CPU.Build.0 = Debug|Any CPU
		{CBDE1196-F79B-4A1C-8D8D-23DCBA98FB1E}.Release|Any CPU.ActiveCfg = Release|Any CPU
		{CBDE1196-F79B-4A1C-8D8D-23DCBA98FB1E}.Release|Any CPU.Build.0 = Release|Any CPU
		{A6C4605F-F6DB-41B6-8E42-B6D53CAB6CB3}.Debug|Any CPU.ActiveCfg = Debug|Any CPU
		{A6C4605F-F6DB-41B6-8E42-B6D53CAB6CB3}.Debug|Any CPU.Build.0 = Debug|Any CPU
		{A6C4605F-F6DB-41B6-8E42-B6D53CAB6CB3}.Release|Any CPU.ActiveCfg = Release|Any CPU
		{A6C4605F-F6DB-41B6-8E42-B6D53CAB6CB3}.Release|Any CPU.Build.0 = Release|Any CPU
		{A55281AB-684F-4F5C-B450-F40711A484EC}.Debug|Any CPU.ActiveCfg = Debug|Any CPU
		{A55281AB-684F-4F5C-B450-F40711A484EC}.Debug|Any CPU.Build.0 = Debug|Any CPU
		{A55281AB-684F-4F5C-B450-F40711A484EC}.Release|Any CPU.ActiveCfg = Release|Any CPU
		{A55281AB-684F-4F5C-B450-F40711A484EC}.Release|Any CPU.Build.0 = Release|Any CPU
		{57585E81-24DE-4231-998F-798C236188CB}.Debug|Any CPU.ActiveCfg = Debug|Any CPU
		{57585E81-24DE-4231-998F-798C236188CB}.Debug|Any CPU.Build.0 = Debug|Any CPU
		{57585E81-24DE-4231-998F-798C236188CB}.Release|Any CPU.ActiveCfg = Release|Any CPU
		{57585E81-24DE-4231-998F-798C236188CB}.Release|Any CPU.Build.0 = Release|Any CPU
		{8CB217B1-7F8B-4631-9DFC-A51596F111A2}.Debug|Any CPU.ActiveCfg = Debug|Any CPU
		{8CB217B1-7F8B-4631-9DFC-A51596F111A2}.Debug|Any CPU.Build.0 = Debug|Any CPU
		{8CB217B1-7F8B-4631-9DFC-A51596F111A2}.Release|Any CPU.ActiveCfg = Release|Any CPU
		{8CB217B1-7F8B-4631-9DFC-A51596F111A2}.Release|Any CPU.Build.0 = Release|Any CPU
		{913D6671-DADC-4CC3-8DEF-846C509AF4B9}.Debug|Any CPU.ActiveCfg = Debug|Any CPU
		{913D6671-DADC-4CC3-8DEF-846C509AF4B9}.Debug|Any CPU.Build.0 = Debug|Any CPU
		{913D6671-DADC-4CC3-8DEF-846C509AF4B9}.Release|Any CPU.ActiveCfg = Release|Any CPU
		{913D6671-DADC-4CC3-8DEF-846C509AF4B9}.Release|Any CPU.Build.0 = Release|Any CPU
		{AD13277B-E649-4957-B0CE-D058155DCB31}.Debug|Any CPU.ActiveCfg = Debug|Any CPU
		{AD13277B-E649-4957-B0CE-D058155DCB31}.Debug|Any CPU.Build.0 = Debug|Any CPU
		{AD13277B-E649-4957-B0CE-D058155DCB31}.Release|Any CPU.ActiveCfg = Release|Any CPU
		{AD13277B-E649-4957-B0CE-D058155DCB31}.Release|Any CPU.Build.0 = Release|Any CPU
		{510CDC1D-88B1-4DF0-8FAB-336DFDA38F85}.Debug|Any CPU.ActiveCfg = Debug|Any CPU
		{510CDC1D-88B1-4DF0-8FAB-336DFDA38F85}.Debug|Any CPU.Build.0 = Debug|Any CPU
		{510CDC1D-88B1-4DF0-8FAB-336DFDA38F85}.Release|Any CPU.ActiveCfg = Release|Any CPU
		{510CDC1D-88B1-4DF0-8FAB-336DFDA38F85}.Release|Any CPU.Build.0 = Release|Any CPU
	EndGlobalSection
	GlobalSection(SolutionProperties) = preSolution
		HideSolutionNode = FALSE
	EndGlobalSection
	GlobalSection(NestedProjects) = preSolution
		{0834D734-26C1-429E-9A15-C9DAE6976D49} = {E93572D9-6463-41C7-88FD-43B36DBF05D1}
		{FE5C2ABE-2949-4D7A-8366-6D852C6FF124} = {E93572D9-6463-41C7-88FD-43B36DBF05D1}
		{B6E997C2-A062-42F3-814D-2A9905F64066} = {E93572D9-6463-41C7-88FD-43B36DBF05D1}
		{50F1A77F-11E3-4B3A-BBCE-CFBB4CBA46C6} = {E93572D9-6463-41C7-88FD-43B36DBF05D1}
		{8D4155A1-FB7F-4233-BE76-535C5913E1F9} = {E93572D9-6463-41C7-88FD-43B36DBF05D1}
		{395F298A-10AE-4262-A206-BEFA4C7931C6} = {E93572D9-6463-41C7-88FD-43B36DBF05D1}
		{CBDE1196-F79B-4A1C-8D8D-23DCBA98FB1E} = {E93572D9-6463-41C7-88FD-43B36DBF05D1}
		{A6C4605F-F6DB-41B6-8E42-B6D53CAB6CB3} = {E93572D9-6463-41C7-88FD-43B36DBF05D1}
		{A55281AB-684F-4F5C-B450-F40711A484EC} = {E93572D9-6463-41C7-88FD-43B36DBF05D1}
		{57585E81-24DE-4231-998F-798C236188CB} = {E93572D9-6463-41C7-88FD-43B36DBF05D1}
		{8CB217B1-7F8B-4631-9DFC-A51596F111A2} = {E93572D9-6463-41C7-88FD-43B36DBF05D1}
		{913D6671-DADC-4CC3-8DEF-846C509AF4B9} = {E93572D9-6463-41C7-88FD-43B36DBF05D1}
		{AD13277B-E649-4957-B0CE-D058155DCB31} = {E93572D9-6463-41C7-88FD-43B36DBF05D1}
		{510CDC1D-88B1-4DF0-8FAB-336DFDA38F85} = {E93572D9-6463-41C7-88FD-43B36DBF05D1}
	EndGlobalSection
	GlobalSection(ExtensibilityGlobals) = postSolution
		SolutionGuid = {AC1D0BD8-03F1-4D76-8564-324A61E825CF}
	EndGlobalSection
EndGlobal
